
Microsoft Visual Studio Solution File, Format Version 12.00
# Visual Studio Version 17
VisualStudioVersion = 17.6.33712.159
MinimumVisualStudioVersion = 10.0.40219.1
Project("{FAE04EC0-301F-11D3-BF4B-00C04F79EFBC}") = "BasicTransferAOEOFilesLibrary", "BasicTransferAOEOFilesLibrary.csproj", "{64E5DA99-63CE-4827-9801-85D3C82DB236}"
EndProject
Global
	GlobalSection(SolutionConfigurationPlatforms) = preSolution
		Debug|Any CPU = Debug|Any CPU
		Release|Any CPU = Release|Any CPU
	EndGlobalSection
	GlobalSection(ProjectConfigurationPlatforms) = postSolution
		{64E5DA99-63CE-4827-9801-85D3C82DB236}.Debug|Any CPU.ActiveCfg = Debug|Any CPU
		{64E5DA99-63CE-4827-9801-85D3C82DB236}.Debug|Any CPU.Build.0 = Debug|Any CPU
		{64E5DA99-63CE-4827-9801-85D3C82DB236}.Release|Any CPU.ActiveCfg = Release|Any CPU
		{64E5DA99-63CE-4827-9801-85D3C82DB236}.Release|Any CPU.Build.0 = Release|Any CPU
	EndGlobalSection
	GlobalSection(SolutionProperties) = preSolution
		HideSolutionNode = FALSE
	EndGlobalSection
	GlobalSection(ExtensibilityGlobals) = postSolution
		SolutionGuid = {23C3A610-20F0-494F-ADD8-A3ACF2D762A5}
	EndGlobalSection
EndGlobal
